{
  "version": 4,
  "terraform_version": "1.7.5",
  "serial": 29,
  "lineage": "3a2c5299-93e2-919a-aa75-00be9c5b0a3f",
  "outputs": {
    "gcci_agency_law": {
      "value": {
        "id": "/subscriptions/0b5b13b8-0ad7-4552-936f-8fae87e0633f/resourceGroups/gcci-agency-law",
        "location": "southeastasia",
        "managed_by": "",
        "name": "gcci-agency-law",
        "tags": null,
        "timeouts": null
      },
      "type": [
        "object",
        {
          "id": "string",
          "location": "string",
          "managed_by": "string",
          "name": "string",
          "tags": [
            "map",
            "string"
          ],
          "timeouts": [
            "object",
            {
              "create": "string",
              "delete": "string",
              "read": "string",
              "update": "string"
            }
          ]
        }
      ]
    },
    "gcci_agency_workspace": {
      "value": {
        "id": "/subscriptions/0b5b13b8-0ad7-4552-936f-8fae87e0633f/resourceGroups/gcci-agency-law/providers/Microsoft.OperationalInsights/workspaces/gcci-agency-workspace",
        "name": "gcci-agency-workspace"
      },
      "type": [
        "object",
        {
          "id": "string",
          "name": "string"
        }
      ]
    },
    "gcci_platform": {
      "value": {
        "id": "/subscriptions/0b5b13b8-0ad7-4552-936f-8fae87e0633f/resourceGroups/gcci-platform",
        "location": "southeastasia",
        "managed_by": "",
        "name": "gcci-platform",
        "tags": null,
        "timeouts": null
      },
      "type": [
        "object",
        {
          "id": "string",
          "location": "string",
          "managed_by": "string",
          "name": "string",
          "tags": [
            "map",
            "string"
          ],
          "timeouts": [
            "object",
            {
              "create": "string",
              "delete": "string",
              "read": "string",
              "update": "string"
            }
          ]
        }
      ]
    },
    "hub_internet_egress": {
      "value": [
        {
          "subnets": {},
          "virtual_network_id": "/subscriptions/0b5b13b8-0ad7-4552-936f-8fae87e0633f/resourceGroups/gcci-platform/providers/Microsoft.Network/virtualNetworks/gcci-vnet-egress-internet",
          "vnet_resource": {
            "address_space": [
              "100.127.1.0/24"
            ],
            "bgp_community": "",
            "ddos_protection_plan": [],
            "dns_servers": [],
            "edge_zone": "",
            "encryption": [],
            "flow_timeout_in_minutes": 0,
            "guid": "8609489f-5071-4702-9a27-c3860a29ed42",
            "id": "/subscriptions/0b5b13b8-0ad7-4552-936f-8fae87e0633f/resourceGroups/gcci-platform/providers/Microsoft.Network/virtualNetworks/gcci-vnet-egress-internet",
            "location": "southeastasia",
            "name": "gcci-vnet-egress-internet",
            "resource_group_name": "gcci-platform",
            "subnet": [],
            "tags": null,
            "timeouts": null
          }
        }
      ],
      "type": [
        "tuple",
        [
          [
            "object",
            {
              "subnets": [
                "object",
                {}
              ],
              "virtual_network_id": "string",
              "vnet_resource": [
                "object",
                {
                  "address_space": [
                    "list",
                    "string"
                  ],
                  "bgp_community": "string",
                  "ddos_protection_plan": [
                    "list",
                    [
                      "object",
                      {
                        "enable": "bool",
                        "id": "string"
                      }
                    ]
                  ],
                  "dns_servers": [
                    "list",
                    "string"
                  ],
                  "edge_zone": "string",
                  "encryption": [
                    "list",
                    [
                      "object",
                      {
                        "enforcement": "string"
                      }
                    ]
                  ],
                  "flow_timeout_in_minutes": "number",
                  "guid": "string",
                  "id": "string",
                  "location": "string",
                  "name": "string",
                  "resource_group_name": "string",
                  "subnet": [
                    "set",
                    [
                      "object",
                      {
                        "address_prefix": "string",
                        "id": "string",
                        "name": "string",
                        "security_group": "string"
                      }
                    ]
                  ],
                  "tags": [
                    "map",
                    "string"
                  ],
                  "timeouts": [
                    "object",
                    {
                      "create": "string",
                      "delete": "string",
                      "read": "string",
                      "update": "string"
                    }
                  ]
                }
              ]
            }
          ]
        ]
      ]
    },
    "hub_internet_ingress": {
      "value": [
        {
          "subnets": {},
          "virtual_network_id": "/subscriptions/0b5b13b8-0ad7-4552-936f-8fae87e0633f/resourceGroups/gcci-platform/providers/Microsoft.Network/virtualNetworks/gcci-vnet-ingress-internet",
          "vnet_resource": {
            "address_space": [
              "100.127.0.0/24"
            ],
            "bgp_community": "",
            "ddos_protection_plan": [],
            "dns_servers": [],
            "edge_zone": "",
            "encryption": [],
            "flow_timeout_in_minutes": 0,
            "guid": "a4137461-e59b-47c9-8b65-a08f15984b5c",
            "id": "/subscriptions/0b5b13b8-0ad7-4552-936f-8fae87e0633f/resourceGroups/gcci-platform/providers/Microsoft.Network/virtualNetworks/gcci-vnet-ingress-internet",
            "location": "southeastasia",
            "name": "gcci-vnet-ingress-internet",
            "resource_group_name": "gcci-platform",
            "subnet": [],
            "tags": null,
            "timeouts": null
          }
        }
      ],
      "type": [
        "tuple",
        [
          [
            "object",
            {
              "subnets": [
                "object",
                {}
              ],
              "virtual_network_id": "string",
              "vnet_resource": [
                "object",
                {
                  "address_space": [
                    "list",
                    "string"
                  ],
                  "bgp_community": "string",
                  "ddos_protection_plan": [
                    "list",
                    [
                      "object",
                      {
                        "enable": "bool",
                        "id": "string"
                      }
                    ]
                  ],
                  "dns_servers": [
                    "list",
                    "string"
                  ],
                  "edge_zone": "string",
                  "encryption": [
                    "list",
                    [
                      "object",
                      {
                        "enforcement": "string"
                      }
                    ]
                  ],
                  "flow_timeout_in_minutes": "number",
                  "guid": "string",
                  "id": "string",
                  "location": "string",
                  "name": "string",
                  "resource_group_name": "string",
                  "subnet": [
                    "set",
                    [
                      "object",
                      {
                        "address_prefix": "string",
                        "id": "string",
                        "name": "string",
                        "security_group": "string"
                      }
                    ]
                  ],
                  "tags": [
                    "map",
                    "string"
                  ],
                  "timeouts": [
                    "object",
                    {
                      "create": "string",
                      "delete": "string",
                      "read": "string",
                      "update": "string"
                    }
                  ]
                }
              ]
            }
          ]
        ]
      ]
    },
    "hub_intranet_egress": {
      "value": [
        {
          "subnets": {},
          "virtual_network_id": "/subscriptions/0b5b13b8-0ad7-4552-936f-8fae87e0633f/resourceGroups/gcci-platform/providers/Microsoft.Network/virtualNetworks/gcci-vnet-egress-intranet",
          "vnet_resource": {
            "address_space": [
              "10.20.1.0/25"
            ],
            "bgp_community": "",
            "ddos_protection_plan": [],
            "dns_servers": [],
            "edge_zone": "",
            "encryption": [],
            "flow_timeout_in_minutes": 0,
            "guid": "545ae93a-3050-4d5c-8685-61d6b207a9d9",
            "id": "/subscriptions/0b5b13b8-0ad7-4552-936f-8fae87e0633f/resourceGroups/gcci-platform/providers/Microsoft.Network/virtualNetworks/gcci-vnet-egress-intranet",
            "location": "southeastasia",
            "name": "gcci-vnet-egress-intranet",
            "resource_group_name": "gcci-platform",
            "subnet": [],
            "tags": null,
            "timeouts": null
          }
        }
      ],
      "type": [
        "tuple",
        [
          [
            "object",
            {
              "subnets": [
                "object",
                {}
              ],
              "virtual_network_id": "string",
              "vnet_resource": [
                "object",
                {
                  "address_space": [
                    "list",
                    "string"
                  ],
                  "bgp_community": "string",
                  "ddos_protection_plan": [
                    "list",
                    [
                      "object",
                      {
                        "enable": "bool",
                        "id": "string"
                      }
                    ]
                  ],
                  "dns_servers": [
                    "list",
                    "string"
                  ],
                  "edge_zone": "string",
                  "encryption": [
                    "list",
                    [
                      "object",
                      {
                        "enforcement": "string"
                      }
                    ]
                  ],
                  "flow_timeout_in_minutes": "number",
                  "guid": "string",
                  "id": "string",
                  "location": "string",
                  "name": "string",
                  "resource_group_name": "string",
                  "subnet": [
                    "set",
                    [
                      "object",
                      {
                        "address_prefix": "string",
                        "id": "string",
                        "name": "string",
                        "security_group": "string"
                      }
                    ]
                  ],
                  "tags": [
                    "map",
                    "string"
                  ],
                  "timeouts": [
                    "object",
                    {
                      "create": "string",
                      "delete": "string",
                      "read": "string",
                      "update": "string"
                    }
                  ]
                }
              ]
            }
          ]
        ]
      ]
    },
    "hub_intranet_ingress": {
      "value": [
        {
          "subnets": {},
          "virtual_network_id": "/subscriptions/0b5b13b8-0ad7-4552-936f-8fae87e0633f/resourceGroups/gcci-platform/providers/Microsoft.Network/virtualNetworks/gcci-vnet-ingress-intranet",
          "vnet_resource": {
            "address_space": [
              "10.20.0.0/25"
            ],
            "bgp_community": "",
            "ddos_protection_plan": [],
            "dns_servers": [],
            "edge_zone": "",
            "encryption": [],
            "flow_timeout_in_minutes": 0,
            "guid": "66163f24-bc1d-4e0e-aa54-c2183cd5554b",
            "id": "/subscriptions/0b5b13b8-0ad7-4552-936f-8fae87e0633f/resourceGroups/gcci-platform/providers/Microsoft.Network/virtualNetworks/gcci-vnet-ingress-intranet",
            "location": "southeastasia",
            "name": "gcci-vnet-ingress-intranet",
            "resource_group_name": "gcci-platform",
            "subnet": [],
            "tags": null,
            "timeouts": null
          }
        }
      ],
      "type": [
        "tuple",
        [
          [
            "object",
            {
              "subnets": [
                "object",
                {}
              ],
              "virtual_network_id": "string",
              "vnet_resource": [
                "object",
                {
                  "address_space": [
                    "list",
                    "string"
                  ],
                  "bgp_community": "string",
                  "ddos_protection_plan": [
                    "list",
                    [
                      "object",
                      {
                        "enable": "bool",
                        "id": "string"
                      }
                    ]
                  ],
                  "dns_servers": [
                    "list",
                    "string"
                  ],
                  "edge_zone": "string",
                  "encryption": [
                    "list",
                    [
                      "object",
                      {
                        "enforcement": "string"
                      }
                    ]
                  ],
                  "flow_timeout_in_minutes": "number",
                  "guid": "string",
                  "id": "string",
                  "location": "string",
                  "name": "string",
                  "resource_group_name": "string",
                  "subnet": [
                    "set",
                    [
                      "object",
                      {
                        "address_prefix": "string",
                        "id": "string",
                        "name": "string",
                        "security_group": "string"
                      }
                    ]
                  ],
                  "tags": [
                    "map",
                    "string"
                  ],
                  "timeouts": [
                    "object",
                    {
                      "create": "string",
                      "delete": "string",
                      "read": "string",
                      "update": "string"
                    }
                  ]
                }
              ]
            }
          ]
        ]
      ]
    },
    "spoke_devops": {
      "value": [
        {
          "subnets": {},
          "virtual_network_id": "/subscriptions/0b5b13b8-0ad7-4552-936f-8fae87e0633f/resourceGroups/gcci-platform/providers/Microsoft.Network/virtualNetworks/gcci-vnet-devops",
          "vnet_resource": {
            "address_space": [
              "100.127.4.0/24"
            ],
            "bgp_community": "",
            "ddos_protection_plan": [],
            "dns_servers": [],
            "edge_zone": "",
            "encryption": [],
            "flow_timeout_in_minutes": 0,
            "guid": "91fe99a9-2f98-4003-be46-c8319c09619b",
            "id": "/subscriptions/0b5b13b8-0ad7-4552-936f-8fae87e0633f/resourceGroups/gcci-platform/providers/Microsoft.Network/virtualNetworks/gcci-vnet-devops",
            "location": "southeastasia",
            "name": "gcci-vnet-devops",
            "resource_group_name": "gcci-platform",
            "subnet": [],
            "tags": null,
            "timeouts": null
          }
        }
      ],
      "type": [
        "tuple",
        [
          [
            "object",
            {
              "subnets": [
                "object",
                {}
              ],
              "virtual_network_id": "string",
              "vnet_resource": [
                "object",
                {
                  "address_space": [
                    "list",
                    "string"
                  ],
                  "bgp_community": "string",
                  "ddos_protection_plan": [
                    "list",
                    [
                      "object",
                      {
                        "enable": "bool",
                        "id": "string"
                      }
                    ]
                  ],
                  "dns_servers": [
                    "list",
                    "string"
                  ],
                  "edge_zone": "string",
                  "encryption": [
                    "list",
                    [
                      "object",
                      {
                        "enforcement": "string"
                      }
                    ]
                  ],
                  "flow_timeout_in_minutes": "number",
                  "guid": "string",
                  "id": "string",
                  "location": "string",
                  "name": "string",
                  "resource_group_name": "string",
                  "subnet": [
                    "set",
                    [
                      "object",
                      {
                        "address_prefix": "string",
                        "id": "string",
                        "name": "string",
                        "security_group": "string"
                      }
                    ]
                  ],
                  "tags": [
                    "map",
                    "string"
                  ],
                  "timeouts": [
                    "object",
                    {
                      "create": "string",
                      "delete": "string",
                      "read": "string",
                      "update": "string"
                    }
                  ]
                }
              ]
            }
          ]
        ]
      ]
    },
    "spoke_management": {
      "value": [
        {
          "subnets": {},
          "virtual_network_id": "/subscriptions/0b5b13b8-0ad7-4552-936f-8fae87e0633f/resourceGroups/gcci-platform/providers/Microsoft.Network/virtualNetworks/gcci-vnet-management",
          "vnet_resource": {
            "address_space": [
              "100.127.3.0/24"
            ],
            "bgp_community": "",
            "ddos_protection_plan": [],
            "dns_servers": [],
            "edge_zone": "",
            "encryption": [],
            "flow_timeout_in_minutes": 0,
            "guid": "159701fc-3d91-47a5-85ae-c6838fa05e3a",
            "id": "/subscriptions/0b5b13b8-0ad7-4552-936f-8fae87e0633f/resourceGroups/gcci-platform/providers/Microsoft.Network/virtualNetworks/gcci-vnet-management",
            "location": "southeastasia",
            "name": "gcci-vnet-management",
            "resource_group_name": "gcci-platform",
            "subnet": [],
            "tags": null,
            "timeouts": null
          }
        }
      ],
      "type": [
        "tuple",
        [
          [
            "object",
            {
              "subnets": [
                "object",
                {}
              ],
              "virtual_network_id": "string",
              "vnet_resource": [
                "object",
                {
                  "address_space": [
                    "list",
                    "string"
                  ],
                  "bgp_community": "string",
                  "ddos_protection_plan": [
                    "list",
                    [
                      "object",
                      {
                        "enable": "bool",
                        "id": "string"
                      }
                    ]
                  ],
                  "dns_servers": [
                    "list",
                    "string"
                  ],
                  "edge_zone": "string",
                  "encryption": [
                    "list",
                    [
                      "object",
                      {
                        "enforcement": "string"
                      }
                    ]
                  ],
                  "flow_timeout_in_minutes": "number",
                  "guid": "string",
                  "id": "string",
                  "location": "string",
                  "name": "string",
                  "resource_group_name": "string",
                  "subnet": [
                    "set",
                    [
                      "object",
                      {
                        "address_prefix": "string",
                        "id": "string",
                        "name": "string",
                        "security_group": "string"
                      }
                    ]
                  ],
                  "tags": [
                    "map",
                    "string"
                  ],
                  "timeouts": [
                    "object",
                    {
                      "create": "string",
                      "delete": "string",
                      "read": "string",
                      "update": "string"
                    }
                  ]
                }
              ]
            }
          ]
        ]
      ]
    },
    "spoke_project": {
      "value": [
        {
          "subnets": {},
          "virtual_network_id": "/subscriptions/0b5b13b8-0ad7-4552-936f-8fae87e0633f/resourceGroups/gcci-platform/providers/Microsoft.Network/virtualNetworks/gcci-vnet-project",
          "vnet_resource": {
            "address_space": [
              "100.64.0.0/23"
            ],
            "bgp_community": "",
            "ddos_protection_plan": [],
            "dns_servers": [],
            "edge_zone": "",
            "encryption": [],
            "flow_timeout_in_minutes": 0,
            "guid": "ff02ff9b-76a2-412d-a8b9-0ac72f4b83ed",
            "id": "/subscriptions/0b5b13b8-0ad7-4552-936f-8fae87e0633f/resourceGroups/gcci-platform/providers/Microsoft.Network/virtualNetworks/gcci-vnet-project",
            "location": "southeastasia",
            "name": "gcci-vnet-project",
            "resource_group_name": "gcci-platform",
            "subnet": [],
            "tags": null,
            "timeouts": null
          }
        }
      ],
      "type": [
        "tuple",
        [
          [
            "object",
            {
              "subnets": [
                "object",
                {}
              ],
              "virtual_network_id": "string",
              "vnet_resource": [
                "object",
                {
                  "address_space": [
                    "list",
                    "string"
                  ],
                  "bgp_community": "string",
                  "ddos_protection_plan": [
                    "list",
                    [
                      "object",
                      {
                        "enable": "bool",
                        "id": "string"
                      }
                    ]
                  ],
                  "dns_servers": [
                    "list",
                    "string"
                  ],
                  "edge_zone": "string",
                  "encryption": [
                    "list",
                    [
                      "object",
                      {
                        "enforcement": "string"
                      }
                    ]
                  ],
                  "flow_timeout_in_minutes": "number",
                  "guid": "string",
                  "id": "string",
                  "location": "string",
                  "name": "string",
                  "resource_group_name": "string",
                  "subnet": [
                    "set",
                    [
                      "object",
                      {
                        "address_prefix": "string",
                        "id": "string",
                        "name": "string",
                        "security_group": "string"
                      }
                    ]
                  ],
                  "tags": [
                    "map",
                    "string"
                  ],
                  "timeouts": [
                    "object",
                    {
                      "create": "string",
                      "delete": "string",
                      "read": "string",
                      "update": "string"
                    }
                  ]
                }
              ]
            }
          ]
        ]
      ]
    }
  },
  "resources": [
    {
      "mode": "data",
      "type": "azurerm_client_config",
      "name": "current",
      "provider": "provider[\"registry.terraform.io/hashicorp/azurerm\"]",
      "instances": [
        {
          "schema_version": 0,
          "attributes": {
            "client_id": "04b07795-8ddb-461a-bbee-02f9e1bf7b46",
            "id": "Y2xpZW50Q29uZmlncy9jbGllbnRJZD0wNGIwNzc5NS04ZGRiLTQ2MWEtYmJlZS0wMmY5ZTFiZjdiNDY7b2JqZWN0SWQ9OTJiYzI5MmUtMDdiYi00MjQ0LTkzYjctMWJlMzIyNzdhYWZmO3N1YnNjcmlwdGlvbklkPTBiNWIxM2I4LTBhZDctNDU1Mi05MzZmLThmYWU4N2UwNjMzZjt0ZW5hbnRJZD1hYzIwYWRkMS1mZmRhLTQ1YzEtYWRjNS0xNmEwZGIxNTgxMGY=",
            "object_id": "92bc292e-07bb-4244-93b7-1be32277aaff",
            "subscription_id": "0b5b13b8-0ad7-4552-936f-8fae87e0633f",
            "tenant_id": "ac20add1-ffda-45c1-adc5-16a0db15810f",
            "timeouts": null
          },
          "sensitive_attributes": []
        }
      ]
    },
    {
      "mode": "managed",
      "type": "azurerm_resource_group",
      "name": "gcci_agency_law",
      "provider": "provider[\"registry.terraform.io/hashicorp/azurerm\"]",
      "instances": [
        {
          "schema_version": 0,
          "attributes": {
            "id": "/subscriptions/0b5b13b8-0ad7-4552-936f-8fae87e0633f/resourceGroups/gcci-agency-law",
            "location": "southeastasia",
            "managed_by": "",
            "name": "gcci-agency-law",
            "tags": null,
            "timeouts": null
          },
          "sensitive_attributes": [],
          "private": "eyJlMmJmYjczMC1lY2FhLTExZTYtOGY4OC0zNDM2M2JjN2M0YzAiOnsiY3JlYXRlIjo1NDAwMDAwMDAwMDAwLCJkZWxldGUiOjU0MDAwMDAwMDAwMDAsInJlYWQiOjMwMDAwMDAwMDAwMCwidXBkYXRlIjo1NDAwMDAwMDAwMDAwfX0="
        }
      ]
    },
    {
      "mode": "managed",
      "type": "azurerm_resource_group",
      "name": "this",
      "provider": "provider[\"registry.terraform.io/hashicorp/azurerm\"]",
      "instances": [
        {
          "schema_version": 0,
          "attributes": {
            "id": "/subscriptions/0b5b13b8-0ad7-4552-936f-8fae87e0633f/resourceGroups/gcci-platform",
            "location": "southeastasia",
            "managed_by": "",
            "name": "gcci-platform",
            "tags": null,
            "timeouts": null
          },
          "sensitive_attributes": [],
          "private": "eyJlMmJmYjczMC1lY2FhLTExZTYtOGY4OC0zNDM2M2JjN2M0YzAiOnsiY3JlYXRlIjo1NDAwMDAwMDAwMDAwLCJkZWxldGUiOjU0MDAwMDAwMDAwMDAsInJlYWQiOjMwMDAwMDAwMDAwMCwidXBkYXRlIjo1NDAwMDAwMDAwMDAwfX0="
        }
      ]
    },
    {
      "mode": "managed",
      "type": "random_string",
      "name": "this",
      "provider": "provider[\"registry.terraform.io/hashicorp/random\"]",
      "instances": [
        {
          "schema_version": 2,
          "attributes": {
            "id": "v8faqg",
            "keepers": null,
            "length": 6,
            "lower": true,
            "min_lower": 0,
            "min_numeric": 0,
            "min_special": 0,
            "min_upper": 0,
            "number": true,
            "numeric": true,
            "override_special": null,
            "result": "v8faqg",
            "special": false,
            "upper": false
          },
          "sensitive_attributes": []
        }
      ]
    },
    {
      "module": "module.log_analytics_workspace",
      "mode": "managed",
      "type": "azurerm_log_analytics_solution",
      "name": "la_solution",
      "provider": "provider[\"registry.terraform.io/hashicorp/azurerm\"]",
      "instances": [
        {
          "index_key": "ContainerInsights",
          "schema_version": 1,
          "attributes": {
            "id": "/subscriptions/0b5b13b8-0ad7-4552-936f-8fae87e0633f/resourceGroups/gcci-agency-law/providers/Microsoft.OperationsManagement/solutions/ContainerInsights(gcci-agency-workspace)",
            "location": "southeastasia",
            "plan": [
              {
                "name": "ContainerInsights(gcci-agency-workspace)",
                "product": "OMSGallery/ContainerInsights",
                "promotion_code": "",
                "publisher": "Microsoft"
              }
            ],
            "resource_group_name": "gcci-agency-law",
            "solution_name": "ContainerInsights",
            "tags": null,
            "timeouts": null,
            "workspace_name": "gcci-agency-workspace",
            "workspace_resource_id": "/subscriptions/0b5b13b8-0ad7-4552-936f-8fae87e0633f/resourceGroups/gcci-agency-law/providers/Microsoft.OperationalInsights/workspaces/gcci-agency-workspace"
          },
          "sensitive_attributes": [],
          "private": "eyJlMmJmYjczMC1lY2FhLTExZTYtOGY4OC0zNDM2M2JjN2M0YzAiOnsiY3JlYXRlIjoxODAwMDAwMDAwMDAwLCJkZWxldGUiOjE4MDAwMDAwMDAwMDAsInJlYWQiOjMwMDAwMDAwMDAwMCwidXBkYXRlIjoxODAwMDAwMDAwMDAwfSwic2NoZW1hX3ZlcnNpb24iOiIxIn0=",
          "dependencies": [
            "azurerm_resource_group.gcci_agency_law",
            "module.log_analytics_workspace.azurerm_log_analytics_workspace.log_analytics_workspace"
          ]
        }
      ]
    },
    {
      "module": "module.log_analytics_workspace",
      "mode": "managed",
      "type": "azurerm_log_analytics_workspace",
      "name": "log_analytics_workspace",
      "provider": "provider[\"registry.terraform.io/hashicorp/azurerm\"]",
      "instances": [
        {
          "schema_version": 3,
          "attributes": {
            "allow_resource_only_permissions": true,
            "cmk_for_query_forced": false,
            "daily_quota_gb": -1,
            "data_collection_rule_id": "",
            "id": "/subscriptions/0b5b13b8-0ad7-4552-936f-8fae87e0633f/resourceGroups/gcci-agency-law/providers/Microsoft.OperationalInsights/workspaces/gcci-agency-workspace",
            "identity": [],
            "immediate_data_purge_on_30_days_enabled": false,
            "internet_ingestion_enabled": true,
            "internet_query_enabled": true,
            "local_authentication_disabled": false,
            "location": "southeastasia",
            "name": "gcci-agency-workspace",
            "primary_shared_key": "MZglzyDw8RLEbYo8wN6LXZHTCsRGuPjuE+lsoP6WwW8SAM4P5yP3AuFcFW/lt5jRTHzkgO2YZx8hrwK5XxOk/w==",
            "reservation_capacity_in_gb_per_day": null,
            "resource_group_name": "gcci-agency-law",
            "retention_in_days": 30,
            "secondary_shared_key": "NOr6CAm/cT3WFuOMrsWVucWvkwcjPjPdE8Edtpo+85wqy2yICrFCKGJn/PyL7zUtk0y/aZZCsGSJxdH8r9sEDw==",
            "sku": "PerGB2018",
            "tags": {
              "createdWith": "Terraform"
            },
            "timeouts": null,
            "workspace_id": "0fb10fd2-94a3-44a0-9c21-1de2f7b1e344"
          },
          "sensitive_attributes": [],
          "private": "eyJlMmJmYjczMC1lY2FhLTExZTYtOGY4OC0zNDM2M2JjN2M0YzAiOnsiY3JlYXRlIjoxODAwMDAwMDAwMDAwLCJkZWxldGUiOjE4MDAwMDAwMDAwMDAsInJlYWQiOjMwMDAwMDAwMDAwMCwidXBkYXRlIjoxODAwMDAwMDAwMDAwfSwic2NoZW1hX3ZlcnNpb24iOiIzIn0=",
          "dependencies": [
            "azurerm_resource_group.gcci_agency_law"
          ]
        }
      ]
    },
    {
      "module": "module.naming",
      "mode": "managed",
      "type": "random_string",
      "name": "first_letter",
      "provider": "provider[\"registry.terraform.io/hashicorp/random\"]",
      "instances": [
        {
          "schema_version": 2,
          "attributes": {
            "id": "r",
            "keepers": null,
            "length": 1,
            "lower": true,
            "min_lower": 0,
            "min_numeric": 0,
            "min_special": 0,
            "min_upper": 0,
            "number": false,
            "numeric": false,
            "override_special": null,
            "result": "r",
            "special": false,
            "upper": false
          },
          "sensitive_attributes": []
        }
      ]
    },
    {
      "module": "module.naming",
      "mode": "managed",
      "type": "random_string",
      "name": "main",
      "provider": "provider[\"registry.terraform.io/hashicorp/random\"]",
      "instances": [
        {
          "schema_version": 2,
          "attributes": {
            "id": "zhzhxhywxsopzutcahtmuhfehcdxymerfgndqkwcoxlwmrcbkyisprdopont",
            "keepers": null,
            "length": 60,
            "lower": true,
            "min_lower": 0,
            "min_numeric": 0,
            "min_special": 0,
            "min_upper": 0,
            "number": false,
            "numeric": false,
            "override_special": null,
            "result": "zhzhxhywxsopzutcahtmuhfehcdxymerfgndqkwcoxlwmrcbkyisprdopont",
            "special": false,
            "upper": false
          },
          "sensitive_attributes": []
        }
      ]
    },
    {
      "module": "module.virtualnetwork_devops[0]",
      "mode": "managed",
      "type": "azurerm_resource_group_template_deployment",
      "name": "telemetry",
      "provider": "provider[\"registry.terraform.io/hashicorp/azurerm\"]",
      "instances": [
        {
          "index_key": 0,
          "schema_version": 0,
          "attributes": {
            "debug_level": "",
            "deployment_mode": "Incremental",
            "id": "/subscriptions/0b5b13b8-0ad7-4552-936f-8fae87e0633f/resourceGroups/gcci-platform/providers/Microsoft.Resources/deployments/46d3xgtf.res.avm-res-network-virtualnetwork.v0-1-3.5d8e2f28",
            "name": "46d3xgtf.res.avm-res-network-virtualnetwork.v0-1-3.5d8e2f28",
            "output_content": "{\"telemetry\":{\"type\":\"String\",\"value\":\"For more information, see https://aka.ms/avm/telemetry\"}}",
            "parameters_content": "{}",
            "resource_group_name": "gcci-platform",
            "tags": null,
            "template_content": "{\"$schema\":\"https://schema.management.azure.com/schemas/2019-04-01/deploymentTemplate.json#\",\"contentVersion\":\"1.0.0.0\",\"outputs\":{\"telemetry\":{\"type\":\"String\",\"value\":\"For more information, see https://aka.ms/avm/telemetry\"}},\"parameters\":{},\"resources\":[],\"variables\":{}}",
            "template_spec_version_id": "",
            "timeouts": null
          },
          "sensitive_attributes": [],
          "private": "eyJlMmJmYjczMC1lY2FhLTExZTYtOGY4OC0zNDM2M2JjN2M0YzAiOnsiY3JlYXRlIjoxMDgwMDAwMDAwMDAwMCwiZGVsZXRlIjoxMDgwMDAwMDAwMDAwMCwicmVhZCI6MzAwMDAwMDAwMDAwLCJ1cGRhdGUiOjEwODAwMDAwMDAwMDAwfX0=",
          "dependencies": [
            "azurerm_resource_group.this",
            "module.virtualnetwork_devops.random_id.telem"
          ]
        }
      ]
    },
    {
      "module": "module.virtualnetwork_devops[0]",
      "mode": "managed",
      "type": "azurerm_virtual_network",
      "name": "vnet",
      "provider": "provider[\"registry.terraform.io/hashicorp/azurerm\"]",
      "instances": [
        {
          "schema_version": 0,
          "attributes": {
            "address_space": [
              "100.127.4.0/24"
            ],
            "bgp_community": "",
            "ddos_protection_plan": [],
            "dns_servers": [],
            "edge_zone": "",
            "encryption": [],
            "flow_timeout_in_minutes": 0,
            "guid": "91fe99a9-2f98-4003-be46-c8319c09619b",
            "id": "/subscriptions/0b5b13b8-0ad7-4552-936f-8fae87e0633f/resourceGroups/gcci-platform/providers/Microsoft.Network/virtualNetworks/gcci-vnet-devops",
            "location": "southeastasia",
            "name": "gcci-vnet-devops",
            "resource_group_name": "gcci-platform",
            "subnet": [],
            "tags": null,
            "timeouts": null
          },
          "sensitive_attributes": [],
          "private": "eyJlMmJmYjczMC1lY2FhLTExZTYtOGY4OC0zNDM2M2JjN2M0YzAiOnsiY3JlYXRlIjoxODAwMDAwMDAwMDAwLCJkZWxldGUiOjE4MDAwMDAwMDAwMDAsInJlYWQiOjMwMDAwMDAwMDAwMCwidXBkYXRlIjoxODAwMDAwMDAwMDAwfX0=",
          "dependencies": [
            "azurerm_resource_group.this"
          ]
        }
      ]
    },
    {
      "module": "module.virtualnetwork_devops[0]",
      "mode": "managed",
      "type": "random_id",
      "name": "telem",
      "provider": "provider[\"registry.terraform.io/hashicorp/random\"]",
      "instances": [
        {
          "index_key": 0,
          "schema_version": 0,
          "attributes": {
            "b64_std": "XY4vKA==",
            "b64_url": "XY4vKA",
            "byte_length": 4,
            "dec": "1569599272",
            "hex": "5d8e2f28",
            "id": "XY4vKA",
            "keepers": null,
            "prefix": null
          },
          "sensitive_attributes": []
        }
      ]
    },
    {
      "module": "module.virtualnetwork_hub_internet_egress[0]",
      "mode": "managed",
      "type": "azurerm_resource_group_template_deployment",
      "name": "telemetry",
      "provider": "provider[\"registry.terraform.io/hashicorp/azurerm\"]",
      "instances": [
        {
          "index_key": 0,
          "schema_version": 0,
          "attributes": {
            "debug_level": "",
            "deployment_mode": "Incremental",
            "id": "/subscriptions/0b5b13b8-0ad7-4552-936f-8fae87e0633f/resourceGroups/gcci-platform/providers/Microsoft.Resources/deployments/46d3xgtf.res.avm-res-network-virtualnetwork.v0-1-3.86db0d33",
            "name": "46d3xgtf.res.avm-res-network-virtualnetwork.v0-1-3.86db0d33",
            "output_content": "{\"telemetry\":{\"type\":\"String\",\"value\":\"For more information, see https://aka.ms/avm/telemetry\"}}",
            "parameters_content": "{}",
            "resource_group_name": "gcci-platform",
            "tags": null,
            "template_content": "{\"$schema\":\"https://schema.management.azure.com/schemas/2019-04-01/deploymentTemplate.json#\",\"contentVersion\":\"1.0.0.0\",\"outputs\":{\"telemetry\":{\"type\":\"String\",\"value\":\"For more information, see https://aka.ms/avm/telemetry\"}},\"parameters\":{},\"resources\":[],\"variables\":{}}",
            "template_spec_version_id": "",
            "timeouts": null
          },
          "sensitive_attributes": [],
          "private": "eyJlMmJmYjczMC1lY2FhLTExZTYtOGY4OC0zNDM2M2JjN2M0YzAiOnsiY3JlYXRlIjoxMDgwMDAwMDAwMDAwMCwiZGVsZXRlIjoxMDgwMDAwMDAwMDAwMCwicmVhZCI6MzAwMDAwMDAwMDAwLCJ1cGRhdGUiOjEwODAwMDAwMDAwMDAwfX0=",
          "dependencies": [
            "azurerm_resource_group.this",
            "module.virtualnetwork_hub_internet_egress.random_id.telem"
          ]
        }
      ]
    },
    {
      "module": "module.virtualnetwork_hub_internet_egress[0]",
      "mode": "managed",
      "type": "azurerm_virtual_network",
      "name": "vnet",
      "provider": "provider[\"registry.terraform.io/hashicorp/azurerm\"]",
      "instances": [
        {
          "schema_version": 0,
          "attributes": {
            "address_space": [
              "100.127.1.0/24"
            ],
            "bgp_community": "",
            "ddos_protection_plan": [],
            "dns_servers": [],
            "edge_zone": "",
            "encryption": [],
            "flow_timeout_in_minutes": 0,
            "guid": "8609489f-5071-4702-9a27-c3860a29ed42",
            "id": "/subscriptions/0b5b13b8-0ad7-4552-936f-8fae87e0633f/resourceGroups/gcci-platform/providers/Microsoft.Network/virtualNetworks/gcci-vnet-egress-internet",
            "location": "southeastasia",
            "name": "gcci-vnet-egress-internet",
            "resource_group_name": "gcci-platform",
            "subnet": [],
            "tags": null,
            "timeouts": null
          },
          "sensitive_attributes": [],
          "private": "eyJlMmJmYjczMC1lY2FhLTExZTYtOGY4OC0zNDM2M2JjN2M0YzAiOnsiY3JlYXRlIjoxODAwMDAwMDAwMDAwLCJkZWxldGUiOjE4MDAwMDAwMDAwMDAsInJlYWQiOjMwMDAwMDAwMDAwMCwidXBkYXRlIjoxODAwMDAwMDAwMDAwfX0=",
          "dependencies": [
            "azurerm_resource_group.this"
          ]
        }
      ]
    },
    {
      "module": "module.virtualnetwork_hub_internet_egress[0]",
      "mode": "managed",
      "type": "random_id",
      "name": "telem",
      "provider": "provider[\"registry.terraform.io/hashicorp/random\"]",
      "instances": [
        {
          "index_key": 0,
          "schema_version": 0,
          "attributes": {
            "b64_std": "htsNMw==",
            "b64_url": "htsNMw",
            "byte_length": 4,
            "dec": "2262502707",
            "hex": "86db0d33",
            "id": "htsNMw",
            "keepers": null,
            "prefix": null
          },
          "sensitive_attributes": []
        }
      ]
    },
    {
      "module": "module.virtualnetwork_hub_internet_ingress[0]",
      "mode": "managed",
      "type": "azurerm_resource_group_template_deployment",
      "name": "telemetry",
      "provider": "provider[\"registry.terraform.io/hashicorp/azurerm\"]",
      "instances": [
        {
          "index_key": 0,
          "schema_version": 0,
          "attributes": {
            "debug_level": "",
            "deployment_mode": "Incremental",
            "id": "/subscriptions/0b5b13b8-0ad7-4552-936f-8fae87e0633f/resourceGroups/gcci-platform/providers/Microsoft.Resources/deployments/46d3xgtf.res.avm-res-network-virtualnetwork.v0-1-3.5da98fbe",
            "name": "46d3xgtf.res.avm-res-network-virtualnetwork.v0-1-3.5da98fbe",
            "output_content": "{\"telemetry\":{\"type\":\"String\",\"value\":\"For more information, see https://aka.ms/avm/telemetry\"}}",
            "parameters_content": "{}",
            "resource_group_name": "gcci-platform",
            "tags": null,
            "template_content": "{\"$schema\":\"https://schema.management.azure.com/schemas/2019-04-01/deploymentTemplate.json#\",\"contentVersion\":\"1.0.0.0\",\"outputs\":{\"telemetry\":{\"type\":\"String\",\"value\":\"For more information, see https://aka.ms/avm/telemetry\"}},\"parameters\":{},\"resources\":[],\"variables\":{}}",
            "template_spec_version_id": "",
            "timeouts": null
          },
          "sensitive_attributes": [],
          "private": "eyJlMmJmYjczMC1lY2FhLTExZTYtOGY4OC0zNDM2M2JjN2M0YzAiOnsiY3JlYXRlIjoxMDgwMDAwMDAwMDAwMCwiZGVsZXRlIjoxMDgwMDAwMDAwMDAwMCwicmVhZCI6MzAwMDAwMDAwMDAwLCJ1cGRhdGUiOjEwODAwMDAwMDAwMDAwfX0=",
          "dependencies": [
            "azurerm_resource_group.this",
            "module.virtualnetwork_hub_internet_ingress.random_id.telem"
          ]
        }
      ]
    },
    {
      "module": "module.virtualnetwork_hub_internet_ingress[0]",
      "mode": "managed",
      "type": "azurerm_virtual_network",
      "name": "vnet",
      "provider": "provider[\"registry.terraform.io/hashicorp/azurerm\"]",
      "instances": [
        {
          "schema_version": 0,
          "attributes": {
            "address_space": [
              "100.127.0.0/24"
            ],
            "bgp_community": "",
            "ddos_protection_plan": [],
            "dns_servers": [],
            "edge_zone": "",
            "encryption": [],
            "flow_timeout_in_minutes": 0,
            "guid": "a4137461-e59b-47c9-8b65-a08f15984b5c",
            "id": "/subscriptions/0b5b13b8-0ad7-4552-936f-8fae87e0633f/resourceGroups/gcci-platform/providers/Microsoft.Network/virtualNetworks/gcci-vnet-ingress-internet",
            "location": "southeastasia",
            "name": "gcci-vnet-ingress-internet",
            "resource_group_name": "gcci-platform",
            "subnet": [],
            "tags": null,
            "timeouts": null
          },
          "sensitive_attributes": [],
          "private": "eyJlMmJmYjczMC1lY2FhLTExZTYtOGY4OC0zNDM2M2JjN2M0YzAiOnsiY3JlYXRlIjoxODAwMDAwMDAwMDAwLCJkZWxldGUiOjE4MDAwMDAwMDAwMDAsInJlYWQiOjMwMDAwMDAwMDAwMCwidXBkYXRlIjoxODAwMDAwMDAwMDAwfX0=",
          "dependencies": [
            "azurerm_resource_group.this"
          ]
        }
      ]
    },
    {
      "module": "module.virtualnetwork_hub_internet_ingress[0]",
      "mode": "managed",
      "type": "random_id",
      "name": "telem",
      "provider": "provider[\"registry.terraform.io/hashicorp/random\"]",
      "instances": [
        {
          "index_key": 0,
          "schema_version": 0,
          "attributes": {
            "b64_std": "XamPvg==",
            "b64_url": "XamPvg",
            "byte_length": 4,
            "dec": "1571393470",
            "hex": "5da98fbe",
            "id": "XamPvg",
            "keepers": null,
            "prefix": null
          },
          "sensitive_attributes": []
        }
      ]
    },
    {
      "module": "module.virtualnetwork_hub_intranet_egress[0]",
      "mode": "managed",
      "type": "azurerm_resource_group_template_deployment",
      "name": "telemetry",
      "provider": "provider[\"registry.terraform.io/hashicorp/azurerm\"]",
      "instances": [
        {
          "index_key": 0,
          "schema_version": 0,
          "attributes": {
            "debug_level": "",
            "deployment_mode": "Incremental",
            "id": "/subscriptions/0b5b13b8-0ad7-4552-936f-8fae87e0633f/resourceGroups/gcci-platform/providers/Microsoft.Resources/deployments/46d3xgtf.res.avm-res-network-virtualnetwork.v0-1-3.15730f16",
            "name": "46d3xgtf.res.avm-res-network-virtualnetwork.v0-1-3.15730f16",
            "output_content": "{\"telemetry\":{\"type\":\"String\",\"value\":\"For more information, see https://aka.ms/avm/telemetry\"}}",
            "parameters_content": "{}",
            "resource_group_name": "gcci-platform",
            "tags": null,
            "template_content": "{\"$schema\":\"https://schema.management.azure.com/schemas/2019-04-01/deploymentTemplate.json#\",\"contentVersion\":\"1.0.0.0\",\"outputs\":{\"telemetry\":{\"type\":\"String\",\"value\":\"For more information, see https://aka.ms/avm/telemetry\"}},\"parameters\":{},\"resources\":[],\"variables\":{}}",
            "template_spec_version_id": "",
            "timeouts": null
          },
          "sensitive_attributes": [],
          "private": "eyJlMmJmYjczMC1lY2FhLTExZTYtOGY4OC0zNDM2M2JjN2M0YzAiOnsiY3JlYXRlIjoxMDgwMDAwMDAwMDAwMCwiZGVsZXRlIjoxMDgwMDAwMDAwMDAwMCwicmVhZCI6MzAwMDAwMDAwMDAwLCJ1cGRhdGUiOjEwODAwMDAwMDAwMDAwfX0=",
          "dependencies": [
            "azurerm_resource_group.this",
            "module.virtualnetwork_hub_intranet_egress.random_id.telem"
          ]
        }
      ]
    },
    {
      "module": "module.virtualnetwork_hub_intranet_egress[0]",
      "mode": "managed",
      "type": "azurerm_virtual_network",
      "name": "vnet",
      "provider": "provider[\"registry.terraform.io/hashicorp/azurerm\"]",
      "instances": [
        {
          "schema_version": 0,
          "attributes": {
            "address_space": [
              "10.20.1.0/25"
            ],
            "bgp_community": "",
            "ddos_protection_plan": [],
            "dns_servers": [],
            "edge_zone": "",
            "encryption": [],
            "flow_timeout_in_minutes": 0,
            "guid": "545ae93a-3050-4d5c-8685-61d6b207a9d9",
            "id": "/subscriptions/0b5b13b8-0ad7-4552-936f-8fae87e0633f/resourceGroups/gcci-platform/providers/Microsoft.Network/virtualNetworks/gcci-vnet-egress-intranet",
            "location": "southeastasia",
            "name": "gcci-vnet-egress-intranet",
            "resource_group_name": "gcci-platform",
            "subnet": [],
            "tags": null,
            "timeouts": null
          },
          "sensitive_attributes": [],
          "private": "eyJlMmJmYjczMC1lY2FhLTExZTYtOGY4OC0zNDM2M2JjN2M0YzAiOnsiY3JlYXRlIjoxODAwMDAwMDAwMDAwLCJkZWxldGUiOjE4MDAwMDAwMDAwMDAsInJlYWQiOjMwMDAwMDAwMDAwMCwidXBkYXRlIjoxODAwMDAwMDAwMDAwfX0=",
          "dependencies": [
            "azurerm_resource_group.this"
          ]
        }
      ]
    },
    {
      "module": "module.virtualnetwork_hub_intranet_egress[0]",
      "mode": "managed",
      "type": "random_id",
      "name": "telem",
      "provider": "provider[\"registry.terraform.io/hashicorp/random\"]",
      "instances": [
        {
          "index_key": 0,
          "schema_version": 0,
          "attributes": {
            "b64_std": "FXMPFg==",
            "b64_url": "FXMPFg",
            "byte_length": 4,
            "dec": "359862038",
            "hex": "15730f16",
            "id": "FXMPFg",
            "keepers": null,
            "prefix": null
          },
          "sensitive_attributes": []
        }
      ]
    },
    {
      "module": "module.virtualnetwork_hub_intranet_ingress[0]",
      "mode": "managed",
      "type": "azurerm_resource_group_template_deployment",
      "name": "telemetry",
      "provider": "provider[\"registry.terraform.io/hashicorp/azurerm\"]",
      "instances": [
        {
          "index_key": 0,
          "schema_version": 0,
          "attributes": {
            "debug_level": "",
            "deployment_mode": "Incremental",
            "id": "/subscriptions/0b5b13b8-0ad7-4552-936f-8fae87e0633f/resourceGroups/gcci-platform/providers/Microsoft.Resources/deployments/46d3xgtf.res.avm-res-network-virtualnetwork.v0-1-3.cc16ad9e",
            "name": "46d3xgtf.res.avm-res-network-virtualnetwork.v0-1-3.cc16ad9e",
            "output_content": "{\"telemetry\":{\"type\":\"String\",\"value\":\"For more information, see https://aka.ms/avm/telemetry\"}}",
            "parameters_content": "{}",
            "resource_group_name": "gcci-platform",
            "tags": null,
            "template_content": "{\"$schema\":\"https://schema.management.azure.com/schemas/2019-04-01/deploymentTemplate.json#\",\"contentVersion\":\"1.0.0.0\",\"outputs\":{\"telemetry\":{\"type\":\"String\",\"value\":\"For more information, see https://aka.ms/avm/telemetry\"}},\"parameters\":{},\"resources\":[],\"variables\":{}}",
            "template_spec_version_id": "",
            "timeouts": null
          },
          "sensitive_attributes": [],
          "private": "eyJlMmJmYjczMC1lY2FhLTExZTYtOGY4OC0zNDM2M2JjN2M0YzAiOnsiY3JlYXRlIjoxMDgwMDAwMDAwMDAwMCwiZGVsZXRlIjoxMDgwMDAwMDAwMDAwMCwicmVhZCI6MzAwMDAwMDAwMDAwLCJ1cGRhdGUiOjEwODAwMDAwMDAwMDAwfX0=",
          "dependencies": [
            "azurerm_resource_group.this",
            "module.virtualnetwork_hub_intranet_ingress.random_id.telem"
          ]
        }
      ]
    },
    {
      "module": "module.virtualnetwork_hub_intranet_ingress[0]",
      "mode": "managed",
      "type": "azurerm_virtual_network",
      "name": "vnet",
      "provider": "provider[\"registry.terraform.io/hashicorp/azurerm\"]",
      "instances": [
        {
          "schema_version": 0,
          "attributes": {
            "address_space": [
              "10.20.0.0/25"
            ],
            "bgp_community": "",
            "ddos_protection_plan": [],
            "dns_servers": [],
            "edge_zone": "",
            "encryption": [],
            "flow_timeout_in_minutes": 0,
            "guid": "66163f24-bc1d-4e0e-aa54-c2183cd5554b",
            "id": "/subscriptions/0b5b13b8-0ad7-4552-936f-8fae87e0633f/resourceGroups/gcci-platform/providers/Microsoft.Network/virtualNetworks/gcci-vnet-ingress-intranet",
            "location": "southeastasia",
            "name": "gcci-vnet-ingress-intranet",
            "resource_group_name": "gcci-platform",
            "subnet": [],
            "tags": null,
            "timeouts": null
          },
          "sensitive_attributes": [],
          "private": "eyJlMmJmYjczMC1lY2FhLTExZTYtOGY4OC0zNDM2M2JjN2M0YzAiOnsiY3JlYXRlIjoxODAwMDAwMDAwMDAwLCJkZWxldGUiOjE4MDAwMDAwMDAwMDAsInJlYWQiOjMwMDAwMDAwMDAwMCwidXBkYXRlIjoxODAwMDAwMDAwMDAwfX0=",
          "dependencies": [
            "azurerm_resource_group.this"
          ]
        }
      ]
    },
    {
      "module": "module.virtualnetwork_hub_intranet_ingress[0]",
      "mode": "managed",
      "type": "random_id",
      "name": "telem",
      "provider": "provider[\"registry.terraform.io/hashicorp/random\"]",
      "instances": [
        {
          "index_key": 0,
          "schema_version": 0,
          "attributes": {
            "b64_std": "zBatng==",
            "b64_url": "zBatng",
            "byte_length": 4,
            "dec": "3424038302",
            "hex": "cc16ad9e",
            "id": "zBatng",
            "keepers": null,
            "prefix": null
          },
          "sensitive_attributes": []
        }
      ]
    },
    {
      "module": "module.virtualnetwork_management[0]",
      "mode": "managed",
      "type": "azurerm_resource_group_template_deployment",
      "name": "telemetry",
      "provider": "provider[\"registry.terraform.io/hashicorp/azurerm\"]",
      "instances": [
        {
          "index_key": 0,
          "schema_version": 0,
          "attributes": {
            "debug_level": "",
            "deployment_mode": "Incremental",
            "id": "/subscriptions/0b5b13b8-0ad7-4552-936f-8fae87e0633f/resourceGroups/gcci-platform/providers/Microsoft.Resources/deployments/46d3xgtf.res.avm-res-network-virtualnetwork.v0-1-3.3a5d4c09",
            "name": "46d3xgtf.res.avm-res-network-virtualnetwork.v0-1-3.3a5d4c09",
            "output_content": "{\"telemetry\":{\"type\":\"String\",\"value\":\"For more information, see https://aka.ms/avm/telemetry\"}}",
            "parameters_content": "{}",
            "resource_group_name": "gcci-platform",
            "tags": null,
            "template_content": "{\"$schema\":\"https://schema.management.azure.com/schemas/2019-04-01/deploymentTemplate.json#\",\"contentVersion\":\"1.0.0.0\",\"outputs\":{\"telemetry\":{\"type\":\"String\",\"value\":\"For more information, see https://aka.ms/avm/telemetry\"}},\"parameters\":{},\"resources\":[],\"variables\":{}}",
            "template_spec_version_id": "",
            "timeouts": null
          },
          "sensitive_attributes": [],
          "private": "eyJlMmJmYjczMC1lY2FhLTExZTYtOGY4OC0zNDM2M2JjN2M0YzAiOnsiY3JlYXRlIjoxMDgwMDAwMDAwMDAwMCwiZGVsZXRlIjoxMDgwMDAwMDAwMDAwMCwicmVhZCI6MzAwMDAwMDAwMDAwLCJ1cGRhdGUiOjEwODAwMDAwMDAwMDAwfX0=",
          "dependencies": [
            "azurerm_resource_group.this",
            "module.virtualnetwork_management.random_id.telem"
          ]
        }
      ]
    },
    {
      "module": "module.virtualnetwork_management[0]",
      "mode": "managed",
      "type": "azurerm_virtual_network",
      "name": "vnet",
      "provider": "provider[\"registry.terraform.io/hashicorp/azurerm\"]",
      "instances": [
        {
          "schema_version": 0,
          "attributes": {
            "address_space": [
              "100.127.3.0/24"
            ],
            "bgp_community": "",
            "ddos_protection_plan": [],
            "dns_servers": [],
            "edge_zone": "",
            "encryption": [],
            "flow_timeout_in_minutes": 0,
            "guid": "159701fc-3d91-47a5-85ae-c6838fa05e3a",
            "id": "/subscriptions/0b5b13b8-0ad7-4552-936f-8fae87e0633f/resourceGroups/gcci-platform/providers/Microsoft.Network/virtualNetworks/gcci-vnet-management",
            "location": "southeastasia",
            "name": "gcci-vnet-management",
            "resource_group_name": "gcci-platform",
            "subnet": [],
            "tags": null,
            "timeouts": null
          },
          "sensitive_attributes": [],
          "private": "eyJlMmJmYjczMC1lY2FhLTExZTYtOGY4OC0zNDM2M2JjN2M0YzAiOnsiY3JlYXRlIjoxODAwMDAwMDAwMDAwLCJkZWxldGUiOjE4MDAwMDAwMDAwMDAsInJlYWQiOjMwMDAwMDAwMDAwMCwidXBkYXRlIjoxODAwMDAwMDAwMDAwfX0=",
          "dependencies": [
            "azurerm_resource_group.this"
          ]
        }
      ]
    },
    {
      "module": "module.virtualnetwork_management[0]",
      "mode": "managed",
      "type": "random_id",
      "name": "telem",
      "provider": "provider[\"registry.terraform.io/hashicorp/random\"]",
      "instances": [
        {
          "index_key": 0,
          "schema_version": 0,
          "attributes": {
            "b64_std": "Ol1MCQ==",
            "b64_url": "Ol1MCQ",
            "byte_length": 4,
            "dec": "979192841",
            "hex": "3a5d4c09",
            "id": "Ol1MCQ",
            "keepers": null,
            "prefix": null
          },
          "sensitive_attributes": []
        }
      ]
    },
    {
      "module": "module.virtualnetwork_project[0]",
      "mode": "managed",
      "type": "azurerm_resource_group_template_deployment",
      "name": "telemetry",
      "provider": "provider[\"registry.terraform.io/hashicorp/azurerm\"]",
      "instances": [
        {
          "index_key": 0,
          "schema_version": 0,
          "attributes": {
            "debug_level": "",
            "deployment_mode": "Incremental",
            "id": "/subscriptions/0b5b13b8-0ad7-4552-936f-8fae87e0633f/resourceGroups/gcci-platform/providers/Microsoft.Resources/deployments/46d3xgtf.res.avm-res-network-virtualnetwork.v0-1-3.d39dbccc",
            "name": "46d3xgtf.res.avm-res-network-virtualnetwork.v0-1-3.d39dbccc",
            "output_content": "{\"telemetry\":{\"type\":\"String\",\"value\":\"For more information, see https://aka.ms/avm/telemetry\"}}",
            "parameters_content": "{}",
            "resource_group_name": "gcci-platform",
            "tags": null,
            "template_content": "{\"$schema\":\"https://schema.management.azure.com/schemas/2019-04-01/deploymentTemplate.json#\",\"contentVersion\":\"1.0.0.0\",\"outputs\":{\"telemetry\":{\"type\":\"String\",\"value\":\"For more information, see https://aka.ms/avm/telemetry\"}},\"parameters\":{},\"resources\":[],\"variables\":{}}",
            "template_spec_version_id": "",
            "timeouts": null
          },
          "sensitive_attributes": [],
          "private": "eyJlMmJmYjczMC1lY2FhLTExZTYtOGY4OC0zNDM2M2JjN2M0YzAiOnsiY3JlYXRlIjoxMDgwMDAwMDAwMDAwMCwiZGVsZXRlIjoxMDgwMDAwMDAwMDAwMCwicmVhZCI6MzAwMDAwMDAwMDAwLCJ1cGRhdGUiOjEwODAwMDAwMDAwMDAwfX0=",
          "dependencies": [
            "azurerm_resource_group.this",
            "module.virtualnetwork_project.random_id.telem"
          ]
        }
      ]
    },
    {
      "module": "module.virtualnetwork_project[0]",
      "mode": "managed",
      "type": "azurerm_virtual_network",
      "name": "vnet",
      "provider": "provider[\"registry.terraform.io/hashicorp/azurerm\"]",
      "instances": [
        {
          "schema_version": 0,
          "attributes": {
            "address_space": [
              "100.64.0.0/23"
            ],
            "bgp_community": "",
            "ddos_protection_plan": [],
            "dns_servers": [],
            "edge_zone": "",
            "encryption": [],
            "flow_timeout_in_minutes": 0,
            "guid": "ff02ff9b-76a2-412d-a8b9-0ac72f4b83ed",
            "id": "/subscriptions/0b5b13b8-0ad7-4552-936f-8fae87e0633f/resourceGroups/gcci-platform/providers/Microsoft.Network/virtualNetworks/gcci-vnet-project",
            "location": "southeastasia",
            "name": "gcci-vnet-project",
            "resource_group_name": "gcci-platform",
            "subnet": [],
            "tags": null,
            "timeouts": null
          },
          "sensitive_attributes": [],
          "private": "eyJlMmJmYjczMC1lY2FhLTExZTYtOGY4OC0zNDM2M2JjN2M0YzAiOnsiY3JlYXRlIjoxODAwMDAwMDAwMDAwLCJkZWxldGUiOjE4MDAwMDAwMDAwMDAsInJlYWQiOjMwMDAwMDAwMDAwMCwidXBkYXRlIjoxODAwMDAwMDAwMDAwfX0=",
          "dependencies": [
            "azurerm_resource_group.this"
          ]
        }
      ]
    },
    {
      "module": "module.virtualnetwork_project[0]",
      "mode": "managed",
      "type": "random_id",
      "name": "telem",
      "provider": "provider[\"registry.terraform.io/hashicorp/random\"]",
      "instances": [
        {
          "index_key": 0,
          "schema_version": 0,
          "attributes": {
            "b64_std": "0528zA==",
            "b64_url": "0528zA",
            "byte_length": 4,
            "dec": "3550330060",
            "hex": "d39dbccc",
            "id": "0528zA",
            "keepers": null,
            "prefix": null
          },
          "sensitive_attributes": []
        }
      ]
    }
  ],
  "check_results": [
    {
      "object_kind": "var",
      "config_addr": "module.virtualnetwork_hub_internet_ingress.var.diagnostic_settings",
      "status": "unknown",
      "objects": [
        {
          "object_addr": "module.virtualnetwork_hub_internet_ingress[0].var.diagnostic_settings",
          "status": "unknown"
        }
      ]
    },
    {
      "object_kind": "var",
      "config_addr": "module.virtualnetwork_hub_intranet_egress.var.diagnostic_settings",
      "status": "unknown",
      "objects": [
        {
          "object_addr": "module.virtualnetwork_hub_intranet_egress[0].var.diagnostic_settings",
          "status": "unknown"
        }
      ]
    },
    {
      "object_kind": "var",
      "config_addr": "module.virtualnetwork_devops.var.virtual_network_address_space",
      "status": "pass",
      "objects": [
        {
          "object_addr": "module.virtualnetwork_devops[0].var.virtual_network_address_space",
          "status": "pass"
        }
      ]
    },
    {
      "object_kind": "var",
      "config_addr": "module.virtualnetwork_hub_intranet_ingress.var.lock",
      "status": "unknown",
      "objects": [
        {
          "object_addr": "module.virtualnetwork_hub_intranet_ingress[0].var.lock",
          "status": "unknown"
        }
      ]
    },
    {
      "object_kind": "var",
      "config_addr": "module.virtualnetwork_devops.var.diagnostic_settings",
      "status": "unknown",
      "objects": [
        {
          "object_addr": "module.virtualnetwork_devops[0].var.diagnostic_settings",
          "status": "unknown"
        }
      ]
    },
    {
      "object_kind": "var",
      "config_addr": "module.log_analytics_workspace.var.sku",
      "status": "pass",
      "objects": [
        {
          "object_addr": "module.log_analytics_workspace.var.sku",
          "status": "pass"
        }
      ]
    },
    {
      "object_kind": "var",
      "config_addr": "module.virtualnetwork_project.var.lock",
      "status": "unknown",
      "objects": [
        {
          "object_addr": "module.virtualnetwork_project[0].var.lock",
          "status": "unknown"
        }
      ]
    },
    {
      "object_kind": "var",
      "config_addr": "module.virtualnetwork_hub_internet_ingress.var.virtual_network_address_space",
      "status": "pass",
      "objects": [
        {
          "object_addr": "module.virtualnetwork_hub_internet_ingress[0].var.virtual_network_address_space",
          "status": "pass"
        }
      ]
    },
    {
      "object_kind": "var",
      "config_addr": "module.virtualnetwork_devops.var.lock",
      "status": "unknown",
      "objects": [
        {
          "object_addr": "module.virtualnetwork_devops[0].var.lock",
          "status": "unknown"
        }
      ]
    },
    {
      "object_kind": "var",
      "config_addr": "module.virtualnetwork_hub_intranet_ingress.var.diagnostic_settings",
      "status": "unknown",
      "objects": [
        {
          "object_addr": "module.virtualnetwork_hub_intranet_ingress[0].var.diagnostic_settings",
          "status": "unknown"
        }
      ]
    },
    {
      "object_kind": "var",
      "config_addr": "module.virtualnetwork_project.var.virtual_network_address_space",
      "status": "pass",
      "objects": [
        {
          "object_addr": "module.virtualnetwork_project[0].var.virtual_network_address_space",
          "status": "pass"
        }
      ]
    },
    {
      "object_kind": "var",
      "config_addr": "module.virtualnetwork_management.var.diagnostic_settings",
      "status": "unknown",
      "objects": [
        {
          "object_addr": "module.virtualnetwork_management[0].var.diagnostic_settings",
          "status": "unknown"
        }
      ]
    },
    {
      "object_kind": "var",
      "config_addr": "module.virtualnetwork_project.var.diagnostic_settings",
      "status": "unknown",
      "objects": [
        {
          "object_addr": "module.virtualnetwork_project[0].var.diagnostic_settings",
          "status": "unknown"
        }
      ]
    },
    {
      "object_kind": "var",
      "config_addr": "module.virtualnetwork_hub_internet_egress.var.virtual_network_address_space",
      "status": "pass",
      "objects": [
        {
          "object_addr": "module.virtualnetwork_hub_internet_egress[0].var.virtual_network_address_space",
          "status": "pass"
        }
      ]
    },
    {
      "object_kind": "var",
      "config_addr": "module.virtualnetwork_hub_internet_egress.var.diagnostic_settings",
      "status": "unknown",
      "objects": [
        {
          "object_addr": "module.virtualnetwork_hub_internet_egress[0].var.diagnostic_settings",
          "status": "unknown"
        }
      ]
    },
    {
      "object_kind": "var",
      "config_addr": "module.virtualnetwork_hub_intranet_egress.var.virtual_network_address_space",
      "status": "pass",
      "objects": [
        {
          "object_addr": "module.virtualnetwork_hub_intranet_egress[0].var.virtual_network_address_space",
          "status": "pass"
        }
      ]
    },
    {
      "object_kind": "var",
      "config_addr": "module.virtualnetwork_hub_intranet_ingress.var.virtual_network_address_space",
      "status": "pass",
      "objects": [
        {
          "object_addr": "module.virtualnetwork_hub_intranet_ingress[0].var.virtual_network_address_space",
          "status": "pass"
        }
      ]
    },
    {
      "object_kind": "var",
      "config_addr": "module.virtualnetwork_hub_intranet_egress.var.lock",
      "status": "unknown",
      "objects": [
        {
          "object_addr": "module.virtualnetwork_hub_intranet_egress[0].var.lock",
          "status": "unknown"
        }
      ]
    },
    {
      "object_kind": "var",
      "config_addr": "module.virtualnetwork_management.var.virtual_network_address_space",
      "status": "pass",
      "objects": [
        {
          "object_addr": "module.virtualnetwork_management[0].var.virtual_network_address_space",
          "status": "pass"
        }
      ]
    },
    {
      "object_kind": "var",
      "config_addr": "module.virtualnetwork_hub_internet_ingress.var.lock",
      "status": "unknown",
      "objects": [
        {
          "object_addr": "module.virtualnetwork_hub_internet_ingress[0].var.lock",
          "status": "unknown"
        }
      ]
    },
    {
      "object_kind": "var",
      "config_addr": "module.virtualnetwork_hub_internet_egress.var.lock",
      "status": "unknown",
      "objects": [
        {
          "object_addr": "module.virtualnetwork_hub_internet_egress[0].var.lock",
          "status": "unknown"
        }
      ]
    },
    {
      "object_kind": "var",
      "config_addr": "module.virtualnetwork_management.var.lock",
      "status": "unknown",
      "objects": [
        {
          "object_addr": "module.virtualnetwork_management[0].var.lock",
          "status": "unknown"
        }
      ]
    }
  ]
}
